<Solution>
  <Folder Name="/src/">
    <Project Path="src/OpenID.MCPInterop.Client/OpenID.MCPInterop.Client.csproj" />
    <Project Path="src/OpenID.MCPInterop.Common/OpenID.MCPInterop.Common.csproj" />
    <Project Path="src/OpenID.MCPInterop.Issuer/OpenID.MCPInterop.Issuer.csproj" />
    <Project Path="src/OpenID.MCPInterop.Server/OpenID.MCPInterop.Server.csproj" />
  </Folder>
  <Folder Name="/tests/">
    <Project Path="tests/OpenID.MCPInterop.UnitTests/OpenID.MCPInterop.UnitTests.csproj" />
    <Project Path="tests/OpenID.MCPInterop.IntegrationTests/OpenID.MCPInterop.IntegrationTests.csproj" />
  </Folder>
</Solution>
